
Microsoft Visual Studio Solution File, Format Version 12.00
# Visual Studio Version 17
VisualStudioVersion = 17.3.32929.385
MinimumVisualStudioVersion = 10.0.40219.1
Project("{FAE04EC0-301F-11D3-BF4B-00C04F79EFBC}") = "MvcMovie", "MvcMovie\MvcMovie.csproj", "{120E1B58-9BD0-40F8-AA25-1B14F114B27D}"
EndProject
Global
	GlobalSection(SolutionConfigurationPlatforms) = preSolution
		Debug|Any CPU = Debug|Any CPU
		Release|Any CPU = Release|Any CPU
	EndGlobalSection
	GlobalSection(ProjectConfigurationPlatforms) = postSolution
		{120E1B58-9BD0-40F8-AA25-1B14F114B27D}.Debug|Any CPU.ActiveCfg = Debug|Any CPU
		{120E1B58-9BD0-40F8-AA25-1B14F114B27D}.Debug|Any CPU.Build.0 = Debug|Any CPU
		{120E1B58-9BD0-40F8-AA25-1B14F114B27D}.Release|Any CPU.ActiveCfg = Release|Any CPU
		{120E1B58-9BD0-40F8-AA25-1B14F114B27D}.Release|Any CPU.Build.0 = Release|Any CPU
	EndGlobalSection
	GlobalSection(SolutionProperties) = preSolution
		HideSolutionNode = FALSE
	EndGlobalSection
	GlobalSection(ExtensibilityGlobals) = postSolution
		SolutionGuid = {6B1EDE24-7F6D-4865-96EC-E45DC14E2D38}
	EndGlobalSection
EndGlobal
