
Microsoft Visual Studio Solution File, Format Version 12.00
# Visual Studio Version 17
VisualStudioVersion = 17.3.32901.215
MinimumVisualStudioVersion = 10.0.40219.1
Project("{FAE04EC0-301F-11D3-BF4B-00C04F79EFBC}") = "MyFirstConsoleApplication", "MyFirstConsoleApplication.csproj", "{7384AA4A-35D1-4045-8AC8-C68A91933C3D}"
EndProject
Global
	GlobalSection(SolutionConfigurationPlatforms) = preSolution
		Debug|Any CPU = Debug|Any CPU
		Release|Any CPU = Release|Any CPU
	EndGlobalSection
	GlobalSection(ProjectConfigurationPlatforms) = postSolution
		{7384AA4A-35D1-4045-8AC8-C68A91933C3D}.Debug|Any CPU.ActiveCfg = Debug|Any CPU
		{7384AA4A-35D1-4045-8AC8-C68A91933C3D}.Debug|Any CPU.Build.0 = Debug|Any CPU
		{7384AA4A-35D1-4045-8AC8-C68A91933C3D}.Release|Any CPU.ActiveCfg = Release|Any CPU
		{7384AA4A-35D1-4045-8AC8-C68A91933C3D}.Release|Any CPU.Build.0 = Release|Any CPU
	EndGlobalSection
	GlobalSection(SolutionProperties) = preSolution
		HideSolutionNode = FALSE
	EndGlobalSection
	GlobalSection(ExtensibilityGlobals) = postSolution
		SolutionGuid = {92A0F6D9-9CBE-4634-B262-A20EFE848B57}
	EndGlobalSection
EndGlobal
